
Microsoft Visual Studio Solution File, Format Version 12.00
# Visual Studio 2013
VisualStudioVersion = 12.0.21005.1
MinimumVisualStudioVersion = 10.0.40219.1
Project("{FAE04EC0-301F-11D3-BF4B-00C04F79EFBC}") = "QxsqWebOnGitHub", "QxsqWebOnGitHub\QxsqWebOnGitHub.csproj", "{2F032D7A-C952-4A82-B74D-832B5F17919B}"
EndProject
Project("{FAE04EC0-301F-11D3-BF4B-00C04F79EFBC}") = "Common", "Common\Common.csproj", "{DB43EFF1-84D8-4976-8978-4BBF10F5D7CE}"
EndProject
Project("{2150E333-8FDC-42A3-9474-1A3956D46DE8}") = "SqlServer数据库备份", "SqlServer数据库备份", "{505F28AC-3B73-47EE-A9C6-B3DD951435EA}"
	ProjectSection(SolutionItems) = preProject
		..\..\MSData\QxsqWeb.mdf = ..\..\MSData\QxsqWeb.mdf
		..\..\MSData\QxsqWeb_log.ldf = ..\..\MSData\QxsqWeb_log.ldf
	EndProjectSection
EndProject
Project("{2150E333-8FDC-42A3-9474-1A3956D46DE8}") = ".nuget", ".nuget", "{ECF7F1F6-596C-4C22-B68D-0A35E349EDA2}"
	ProjectSection(SolutionItems) = preProject
		.nuget\NuGet.Config = .nuget\NuGet.Config
		.nuget\NuGet.exe = .nuget\NuGet.exe
		.nuget\NuGet.targets = .nuget\NuGet.targets
	EndProjectSection
EndProject
Project("{FAE04EC0-301F-11D3-BF4B-00C04F79EFBC}") = "QxsqWebAdmin", "QxsqWebAdmin\QxsqWebAdmin.csproj", "{B79E5A5E-C1F4-470B-9315-E81719185B68}"
EndProject
Global
	GlobalSection(SolutionConfigurationPlatforms) = preSolution
		Debug|Any CPU = Debug|Any CPU
		Release|Any CPU = Release|Any CPU
	EndGlobalSection
	GlobalSection(ProjectConfigurationPlatforms) = postSolution
		{2F032D7A-C952-4A82-B74D-832B5F17919B}.Debug|Any CPU.ActiveCfg = Debug|Any CPU
		{2F032D7A-C952-4A82-B74D-832B5F17919B}.Debug|Any CPU.Build.0 = Debug|Any CPU
		{2F032D7A-C952-4A82-B74D-832B5F17919B}.Release|Any CPU.ActiveCfg = Release|Any CPU
		{2F032D7A-C952-4A82-B74D-832B5F17919B}.Release|Any CPU.Build.0 = Release|Any CPU
		{DB43EFF1-84D8-4976-8978-4BBF10F5D7CE}.Debug|Any CPU.ActiveCfg = Debug|Any CPU
		{DB43EFF1-84D8-4976-8978-4BBF10F5D7CE}.Debug|Any CPU.Build.0 = Debug|Any CPU
		{DB43EFF1-84D8-4976-8978-4BBF10F5D7CE}.Release|Any CPU.ActiveCfg = Release|Any CPU
		{DB43EFF1-84D8-4976-8978-4BBF10F5D7CE}.Release|Any CPU.Build.0 = Release|Any CPU
		{B79E5A5E-C1F4-470B-9315-E81719185B68}.Debug|Any CPU.ActiveCfg = Debug|Any CPU
		{B79E5A5E-C1F4-470B-9315-E81719185B68}.Debug|Any CPU.Build.0 = Debug|Any CPU
		{B79E5A5E-C1F4-470B-9315-E81719185B68}.Release|Any CPU.ActiveCfg = Release|Any CPU
		{B79E5A5E-C1F4-470B-9315-E81719185B68}.Release|Any CPU.Build.0 = Release|Any CPU
	EndGlobalSection
	GlobalSection(SolutionProperties) = preSolution
		HideSolutionNode = FALSE
	EndGlobalSection
EndGlobal
